
Microsoft Visual Studio Solution File, Format Version 12.00
# Visual Studio 2012
Project("{FAE04EC0-301F-11D3-BF4B-00C04F79EFBC}") = "MyoSharp", "MyoSharp\MyoSharp.csproj", "{B075C7E9-FE48-4508-B44C-1A259BCC8B22}"
EndProject
Project("{FAE04EC0-301F-11D3-BF4B-00C04F79EFBC}") = "MyoSharp.ConsoleSample", "MyoSharp.ConsoleSample\MyoSharp.ConsoleSample.csproj", "{27DA6BB8-8526-437E-9293-A877FC175653}"
EndProject
Project("{FAE04EC0-301F-11D3-BF4B-00C04F79EFBC}") = "MyoSharp.Tests.Unit", "MyoSharp.Tests.Unit\MyoSharp.Tests.Unit.csproj", "{1BAD8167-FEB9-4088-9DDD-D1946C464489}"
EndProject
Project("{FAE04EC0-301F-11D3-BF4B-00C04F79EFBC}") = "MyoSharp.EmgVisualization", "MyoSharp.EmgVisualization\MyoSharp.EmgVisualization.csproj", "{772BB1CE-8C9A-4D7F-A2FB-A625B8B0FDEF}"
EndProject
Global
	GlobalSection(SolutionConfigurationPlatforms) = preSolution
		Debug|Any CPU = Debug|Any CPU
		Debug|x86 = Debug|x86
		Release|Any CPU = Release|Any CPU
		Release|x86 = Release|x86
	EndGlobalSection
	GlobalSection(ProjectConfigurationPlatforms) = postSolution
		{B075C7E9-FE48-4508-B44C-1A259BCC8B22}.Debug|Any CPU.ActiveCfg = Debug|Any CPU
		{B075C7E9-FE48-4508-B44C-1A259BCC8B22}.Debug|Any CPU.Build.0 = Debug|Any CPU
		{B075C7E9-FE48-4508-B44C-1A259BCC8B22}.Debug|x86.ActiveCfg = Debug|Any CPU
		{B075C7E9-FE48-4508-B44C-1A259BCC8B22}.Debug|x86.Build.0 = Debug|Any CPU
		{B075C7E9-FE48-4508-B44C-1A259BCC8B22}.Debug|x86.Deploy.0 = Debug|Any CPU
		{B075C7E9-FE48-4508-B44C-1A259BCC8B22}.Release|Any CPU.ActiveCfg = Release|Any CPU
		{B075C7E9-FE48-4508-B44C-1A259BCC8B22}.Release|Any CPU.Build.0 = Release|Any CPU
		{B075C7E9-FE48-4508-B44C-1A259BCC8B22}.Release|x86.ActiveCfg = Release|Any CPU
		{27DA6BB8-8526-437E-9293-A877FC175653}.Debug|Any CPU.ActiveCfg = Debug|Any CPU
		{27DA6BB8-8526-437E-9293-A877FC175653}.Debug|Any CPU.Build.0 = Debug|Any CPU
		{27DA6BB8-8526-437E-9293-A877FC175653}.Debug|x86.ActiveCfg = Debug|Any CPU
		{27DA6BB8-8526-437E-9293-A877FC175653}.Debug|x86.Build.0 = Debug|Any CPU
		{27DA6BB8-8526-437E-9293-A877FC175653}.Debug|x86.Deploy.0 = Debug|Any CPU
		{27DA6BB8-8526-437E-9293-A877FC175653}.Release|Any CPU.ActiveCfg = Release|Any CPU
		{27DA6BB8-8526-437E-9293-A877FC175653}.Release|Any CPU.Build.0 = Release|Any CPU
		{27DA6BB8-8526-437E-9293-A877FC175653}.Release|x86.ActiveCfg = Release|Any CPU
		{1BAD8167-FEB9-4088-9DDD-D1946C464489}.Debug|Any CPU.ActiveCfg = Debug|Any CPU
		{1BAD8167-FEB9-4088-9DDD-D1946C464489}.Debug|Any CPU.Build.0 = Debug|Any CPU
		{1BAD8167-FEB9-4088-9DDD-D1946C464489}.Debug|x86.ActiveCfg = Debug|Any CPU
		{1BAD8167-FEB9-4088-9DDD-D1946C464489}.Release|Any CPU.ActiveCfg = Release|Any CPU
		{1BAD8167-FEB9-4088-9DDD-D1946C464489}.Release|Any CPU.Build.0 = Release|Any CPU
		{1BAD8167-FEB9-4088-9DDD-D1946C464489}.Release|x86.ActiveCfg = Release|Any CPU
		{772BB1CE-8C9A-4D7F-A2FB-A625B8B0FDEF}.Debug|Any CPU.ActiveCfg = Debug|Any CPU
		{772BB1CE-8C9A-4D7F-A2FB-A625B8B0FDEF}.Debug|Any CPU.Build.0 = Debug|Any CPU
		{772BB1CE-8C9A-4D7F-A2FB-A625B8B0FDEF}.Debug|x86.ActiveCfg = Debug|Any CPU
		{772BB1CE-8C9A-4D7F-A2FB-A625B8B0FDEF}.Release|Any CPU.ActiveCfg = Release|Any CPU
		{772BB1CE-8C9A-4D7F-A2FB-A625B8B0FDEF}.Release|Any CPU.Build.0 = Release|Any CPU
		{772BB1CE-8C9A-4D7F-A2FB-A625B8B0FDEF}.Release|x86.ActiveCfg = Release|Any CPU
	EndGlobalSection
	GlobalSection(SolutionProperties) = preSolution
		HideSolutionNode = FALSE
	EndGlobalSection
EndGlobal
